
Microsoft Visual Studio Solution File, Format Version 12.00
# Visual Studio 14
VisualStudioVersion = 14.0.23107.0
MinimumVisualStudioVersion = 10.0.40219.1
Project("{FAE04EC0-301F-11D3-BF4B-00C04F79EFBC}") = "EHTool.UWP", "EHTool\EHTool.UWP.csproj", "{75C1744B-9C26-4927-8EAC-88F442DD91C0}"
EndProject
Project("{FAE04EC0-301F-11D3-BF4B-00C04F79EFBC}") = "EHTool.Core", "EHTool.Core\EHTool.Core.csproj", "{67F9D3A8-F71E-4428-913F-C37AE82CDB24}"
EndProject
Project("{FAE04EC0-301F-11D3-BF4B-00C04F79EFBC}") = "EHTool.Droid", "EHTool.Droid\EHTool.Droid.csproj", "{8C1F2E14-37CF-4E3E-99B4-789714A34009}"
EndProject
Project("{D954291E-2A0B-460D-934E-DC6B0785DB48}") = "EHTool.Shared", "EHTool.Shared\EHTool.Shared.shproj", "{9EE521B8-D72D-4E41-AADD-3323A68DF4E0}"
EndProject
Global
	GlobalSection(SharedMSBuildProjectFiles) = preSolution
		EHTool.Shared\EHTool.Shared.projitems*{67f9d3a8-f71e-4428-913f-c37ae82cdb24}*SharedItemsImports = 4
		EHTool.Shared\EHTool.Shared.projitems*{75c1744b-9c26-4927-8eac-88f442dd91c0}*SharedItemsImports = 4
		EHTool.Shared\EHTool.Shared.projitems*{9ee521b8-d72d-4e41-aadd-3323a68df4e0}*SharedItemsImports = 13
	EndGlobalSection
	GlobalSection(SolutionConfigurationPlatforms) = preSolution
		Ad-Hoc|Any CPU = Ad-Hoc|Any CPU
		Ad-Hoc|ARM = Ad-Hoc|ARM
		Ad-Hoc|iPhone = Ad-Hoc|iPhone
		Ad-Hoc|iPhoneSimulator = Ad-Hoc|iPhoneSimulator
		Ad-Hoc|x64 = Ad-Hoc|x64
		Ad-Hoc|x86 = Ad-Hoc|x86
		AppStore|Any CPU = AppStore|Any CPU
		AppStore|ARM = AppStore|ARM
		AppStore|iPhone = AppStore|iPhone
		AppStore|iPhoneSimulator = AppStore|iPhoneSimulator
		AppStore|x64 = AppStore|x64
		AppStore|x86 = AppStore|x86
		Debug|Any CPU = Debug|Any CPU
		Debug|ARM = Debug|ARM
		Debug|iPhone = Debug|iPhone
		Debug|iPhoneSimulator = Debug|iPhoneSimulator
		Debug|x64 = Debug|x64
		Debug|x86 = Debug|x86
		Release|Any CPU = Release|Any CPU
		Release|ARM = Release|ARM
		Release|iPhone = Release|iPhone
		Release|iPhoneSimulator = Release|iPhoneSimulator
		Release|x64 = Release|x64
		Release|x86 = Release|x86
	EndGlobalSection
	GlobalSection(ProjectConfigurationPlatforms) = postSolution
		{75C1744B-9C26-4927-8EAC-88F442DD91C0}.Ad-Hoc|Any CPU.ActiveCfg = Release|x64
		{75C1744B-9C26-4927-8EAC-88F442DD91C0}.Ad-Hoc|Any CPU.Build.0 = Release|x64
		{75C1744B-9C26-4927-8EAC-88F442DD91C0}.Ad-Hoc|Any CPU.Deploy.0 = Release|x64
		{75C1744B-9C26-4927-8EAC-88F442DD91C0}.Ad-Hoc|ARM.ActiveCfg = Release|ARM
		{75C1744B-9C26-4927-8EAC-88F442DD91C0}.Ad-Hoc|ARM.Build.0 = Release|ARM
		{75C1744B-9C26-4927-8EAC-88F442DD91C0}.Ad-Hoc|ARM.Deploy.0 = Release|ARM
		{75C1744B-9C26-4927-8EAC-88F442DD91C0}.Ad-Hoc|iPhone.ActiveCfg = Release|x64
		{75C1744B-9C26-4927-8EAC-88F442DD91C0}.Ad-Hoc|iPhone.Build.0 = Release|x64
		{75C1744B-9C26-4927-8EAC-88F442DD91C0}.Ad-Hoc|iPhone.Deploy.0 = Release|x64
		{75C1744B-9C26-4927-8EAC-88F442DD91C0}.Ad-Hoc|iPhoneSimulator.ActiveCfg = Release|x64
		{75C1744B-9C26-4927-8EAC-88F442DD91C0}.Ad-Hoc|iPhoneSimulator.Build.0 = Release|x64
		{75C1744B-9C26-4927-8EAC-88F442DD91C0}.Ad-Hoc|iPhoneSimulator.Deploy.0 = Release|x64
		{75C1744B-9C26-4927-8EAC-88F442DD91C0}.Ad-Hoc|x64.ActiveCfg = Release|x64
		{75C1744B-9C26-4927-8EAC-88F442DD91C0}.Ad-Hoc|x64.Build.0 = Release|x64
		{75C1744B-9C26-4927-8EAC-88F442DD91C0}.Ad-Hoc|x64.Deploy.0 = Release|x64
		{75C1744B-9C26-4927-8EAC-88F442DD91C0}.Ad-Hoc|x86.ActiveCfg = Release|x86
		{75C1744B-9C26-4927-8EAC-88F442DD91C0}.Ad-Hoc|x86.Build.0 = Release|x86
		{75C1744B-9C26-4927-8EAC-88F442DD91C0}.Ad-Hoc|x86.Deploy.0 = Release|x86
		{75C1744B-9C26-4927-8EAC-88F442DD91C0}.AppStore|Any CPU.ActiveCfg = Release|x64
		{75C1744B-9C26-4927-8EAC-88F442DD91C0}.AppStore|Any CPU.Build.0 = Release|x64
		{75C1744B-9C26-4927-8EAC-88F442DD91C0}.AppStore|Any CPU.Deploy.0 = Release|x64
		{75C1744B-9C26-4927-8EAC-88F442DD91C0}.AppStore|ARM.ActiveCfg = Release|ARM
		{75C1744B-9C26-4927-8EAC-88F442DD91C0}.AppStore|ARM.Build.0 = Release|ARM
		{75C1744B-9C26-4927-8EAC-88F442DD91C0}.AppStore|ARM.Deploy.0 = Release|ARM
		{75C1744B-9C26-4927-8EAC-88F442DD91C0}.AppStore|iPhone.ActiveCfg = Release|x64
		{75C1744B-9C26-4927-8EAC-88F442DD91C0}.AppStore|iPhone.Build.0 = Release|x64
		{75C1744B-9C26-4927-8EAC-88F442DD91C0}.AppStore|iPhone.Deploy.0 = Release|x64
		{75C1744B-9C26-4927-8EAC-88F442DD91C0}.AppStore|iPhoneSimulator.ActiveCfg = Release|x64
		{75C1744B-9C26-4927-8EAC-88F442DD91C0}.AppStore|iPhoneSimulator.Build.0 = Release|x64
		{75C1744B-9C26-4927-8EAC-88F442DD91C0}.AppStore|iPhoneSimulator.Deploy.0 = Release|x64
		{75C1744B-9C26-4927-8EAC-88F442DD91C0}.AppStore|x64.ActiveCfg = Release|x64
		{75C1744B-9C26-4927-8EAC-88F442DD91C0}.AppStore|x64.Build.0 = Release|x64
		{75C1744B-9C26-4927-8EAC-88F442DD91C0}.AppStore|x64.Deploy.0 = Release|x64
		{75C1744B-9C26-4927-8EAC-88F442DD91C0}.AppStore|x86.ActiveCfg = Release|x86
		{75C1744B-9C26-4927-8EAC-88F442DD91C0}.AppStore|x86.Build.0 = Release|x86
		{75C1744B-9C26-4927-8EAC-88F442DD91C0}.AppStore|x86.Deploy.0 = Release|x86
		{75C1744B-9C26-4927-8EAC-88F442DD91C0}.Debug|Any CPU.ActiveCfg = Debug|x86
		{75C1744B-9C26-4927-8EAC-88F442DD91C0}.Debug|ARM.ActiveCfg = Debug|ARM
		{75C1744B-9C26-4927-8EAC-88F442DD91C0}.Debug|ARM.Build.0 = Debug|ARM
		{75C1744B-9C26-4927-8EAC-88F442DD91C0}.Debug|ARM.Deploy.0 = Debug|ARM
		{75C1744B-9C26-4927-8EAC-88F442DD91C0}.Debug|iPhone.ActiveCfg = Debug|x86
		{75C1744B-9C26-4927-8EAC-88F442DD91C0}.Debug|iPhoneSimulator.ActiveCfg = Debug|x86
		{75C1744B-9C26-4927-8EAC-88F442DD91C0}.Debug|x64.ActiveCfg = Debug|x64
		{75C1744B-9C26-4927-8EAC-88F442DD91C0}.Debug|x64.Build.0 = Debug|x64
		{75C1744B-9C26-4927-8EAC-88F442DD91C0}.Debug|x64.Deploy.0 = Debug|x64
		{75C1744B-9C26-4927-8EAC-88F442DD91C0}.Debug|x86.ActiveCfg = Debug|x86
		{75C1744B-9C26-4927-8EAC-88F442DD91C0}.Debug|x86.Build.0 = Debug|x86
		{75C1744B-9C26-4927-8EAC-88F442DD91C0}.Debug|x86.Deploy.0 = Debug|x86
		{75C1744B-9C26-4927-8EAC-88F442DD91C0}.Release|Any CPU.ActiveCfg = Release|x86
		{75C1744B-9C26-4927-8EAC-88F442DD91C0}.Release|ARM.ActiveCfg = Release|ARM
		{75C1744B-9C26-4927-8EAC-88F442DD91C0}.Release|ARM.Build.0 = Release|ARM
		{75C1744B-9C26-4927-8EAC-88F442DD91C0}.Release|ARM.Deploy.0 = Release|ARM
		{75C1744B-9C26-4927-8EAC-88F442DD91C0}.Release|iPhone.ActiveCfg = Release|x86
		{75C1744B-9C26-4927-8EAC-88F442DD91C0}.Release|iPhoneSimulator.ActiveCfg = Release|x86
		{75C1744B-9C26-4927-8EAC-88F442DD91C0}.Release|x64.ActiveCfg = Release|x64
		{75C1744B-9C26-4927-8EAC-88F442DD91C0}.Release|x64.Build.0 = Release|x64
		{75C1744B-9C26-4927-8EAC-88F442DD91C0}.Release|x64.Deploy.0 = Release|x64
		{75C1744B-9C26-4927-8EAC-88F442DD91C0}.Release|x86.ActiveCfg = Release|x86
		{75C1744B-9C26-4927-8EAC-88F442DD91C0}.Release|x86.Build.0 = Release|x86
		{75C1744B-9C26-4927-8EAC-88F442DD91C0}.Release|x86.Deploy.0 = Release|x86
		{67F9D3A8-F71E-4428-913F-C37AE82CDB24}.Ad-Hoc|Any CPU.ActiveCfg = Release|Any CPU
		{67F9D3A8-F71E-4428-913F-C37AE82CDB24}.Ad-Hoc|Any CPU.Build.0 = Release|Any CPU
		{67F9D3A8-F71E-4428-913F-C37AE82CDB24}.Ad-Hoc|ARM.ActiveCfg = Release|Any CPU
		{67F9D3A8-F71E-4428-913F-C37AE82CDB24}.Ad-Hoc|ARM.Build.0 = Release|Any CPU
		{67F9D3A8-F71E-4428-913F-C37AE82CDB24}.Ad-Hoc|iPhone.ActiveCfg = Release|Any CPU
		{67F9D3A8-F71E-4428-913F-C37AE82CDB24}.Ad-Hoc|iPhone.Build.0 = Release|Any CPU
		{67F9D3A8-F71E-4428-913F-C37AE82CDB24}.Ad-Hoc|iPhoneSimulator.ActiveCfg = Release|Any CPU
		{67F9D3A8-F71E-4428-913F-C37AE82CDB24}.Ad-Hoc|iPhoneSimulator.Build.0 = Release|Any CPU
		{67F9D3A8-F71E-4428-913F-C37AE82CDB24}.Ad-Hoc|x64.ActiveCfg = Release|Any CPU
		{67F9D3A8-F71E-4428-913F-C37AE82CDB24}.Ad-Hoc|x64.Build.0 = Release|Any CPU
		{67F9D3A8-F71E-4428-913F-C37AE82CDB24}.Ad-Hoc|x86.ActiveCfg = Release|Any CPU
		{67F9D3A8-F71E-4428-913F-C37AE82CDB24}.Ad-Hoc|x86.Build.0 = Release|Any CPU
		{67F9D3A8-F71E-4428-913F-C37AE82CDB24}.AppStore|Any CPU.ActiveCfg = Release|Any CPU
		{67F9D3A8-F71E-4428-913F-C37AE82CDB24}.AppStore|Any CPU.Build.0 = Release|Any CPU
		{67F9D3A8-F71E-4428-913F-C37AE82CDB24}.AppStore|ARM.ActiveCfg = Release|Any CPU
		{67F9D3A8-F71E-4428-913F-C37AE82CDB24}.AppStore|ARM.Build.0 = Release|Any CPU
		{67F9D3A8-F71E-4428-913F-C37AE82CDB24}.AppStore|iPhone.ActiveCfg = Release|Any CPU
		{67F9D3A8-F71E-4428-913F-C37AE82CDB24}.AppStore|iPhone.Build.0 = Release|Any CPU
		{67F9D3A8-F71E-4428-913F-C37AE82CDB24}.AppStore|iPhoneSimulator.ActiveCfg = Release|Any CPU
		{67F9D3A8-F71E-4428-913F-C37AE82CDB24}.AppStore|iPhoneSimulator.Build.0 = Release|Any CPU
		{67F9D3A8-F71E-4428-913F-C37AE82CDB24}.AppStore|x64.ActiveCfg = Release|Any CPU
		{67F9D3A8-F71E-4428-913F-C37AE82CDB24}.AppStore|x64.Build.0 = Release|Any CPU
		{67F9D3A8-F71E-4428-913F-C37AE82CDB24}.AppStore|x86.ActiveCfg = Release|Any CPU
		{67F9D3A8-F71E-4428-913F-C37AE82CDB24}.AppStore|x86.Build.0 = Release|Any CPU
		{67F9D3A8-F71E-4428-913F-C37AE82CDB24}.Debug|Any CPU.ActiveCfg = Debug|Any CPU
		{67F9D3A8-F71E-4428-913F-C37AE82CDB24}.Debug|Any CPU.Build.0 = Debug|Any CPU
		{67F9D3A8-F71E-4428-913F-C37AE82CDB24}.Debug|ARM.ActiveCfg = Debug|Any CPU
		{67F9D3A8-F71E-4428-913F-C37AE82CDB24}.Debug|ARM.Build.0 = Debug|Any CPU
		{67F9D3A8-F71E-4428-913F-C37AE82CDB24}.Debug|iPhone.ActiveCfg = Debug|Any CPU
		{67F9D3A8-F71E-4428-913F-C37AE82CDB24}.Debug|iPhone.Build.0 = Debug|Any CPU
		{67F9D3A8-F71E-4428-913F-C37AE82CDB24}.Debug|iPhoneSimulator.ActiveCfg = Debug|Any CPU
		{67F9D3A8-F71E-4428-913F-C37AE82CDB24}.Debug|iPhoneSimulator.Build.0 = Debug|Any CPU
		{67F9D3A8-F71E-4428-913F-C37AE82CDB24}.Debug|x64.ActiveCfg = Debug|Any CPU
		{67F9D3A8-F71E-4428-913F-C37AE82CDB24}.Debug|x64.Build.0 = Debug|Any CPU
		{67F9D3A8-F71E-4428-913F-C37AE82CDB24}.Debug|x86.ActiveCfg = Debug|Any CPU
		{67F9D3A8-F71E-4428-913F-C37AE82CDB24}.Debug|x86.Build.0 = Debug|Any CPU
		{67F9D3A8-F71E-4428-913F-C37AE82CDB24}.Release|Any CPU.ActiveCfg = Release|Any CPU
		{67F9D3A8-F71E-4428-913F-C37AE82CDB24}.Release|Any CPU.Build.0 = Release|Any CPU
		{67F9D3A8-F71E-4428-913F-C37AE82CDB24}.Release|ARM.ActiveCfg = Release|Any CPU
		{67F9D3A8-F71E-4428-913F-C37AE82CDB24}.Release|ARM.Build.0 = Release|Any CPU
		{67F9D3A8-F71E-4428-913F-C37AE82CDB24}.Release|iPhone.ActiveCfg = Release|Any CPU
		{67F9D3A8-F71E-4428-913F-C37AE82CDB24}.Release|iPhone.Build.0 = Release|Any CPU
		{67F9D3A8-F71E-4428-913F-C37AE82CDB24}.Release|iPhoneSimulator.ActiveCfg = Release|Any CPU
		{67F9D3A8-F71E-4428-913F-C37AE82CDB24}.Release|iPhoneSimulator.Build.0 = Release|Any CPU
		{67F9D3A8-F71E-4428-913F-C37AE82CDB24}.Release|x64.ActiveCfg = Release|Any CPU
		{67F9D3A8-F71E-4428-913F-C37AE82CDB24}.Release|x64.Build.0 = Release|Any CPU
		{67F9D3A8-F71E-4428-913F-C37AE82CDB24}.Release|x86.ActiveCfg = Release|Any CPU
		{67F9D3A8-F71E-4428-913F-C37AE82CDB24}.Release|x86.Build.0 = Release|Any CPU
		{8C1F2E14-37CF-4E3E-99B4-789714A34009}.Ad-Hoc|Any CPU.ActiveCfg = Release|Any CPU
		{8C1F2E14-37CF-4E3E-99B4-789714A34009}.Ad-Hoc|Any CPU.Build.0 = Release|Any CPU
		{8C1F2E14-37CF-4E3E-99B4-789714A34009}.Ad-Hoc|Any CPU.Deploy.0 = Release|Any CPU
		{8C1F2E14-37CF-4E3E-99B4-789714A34009}.Ad-Hoc|ARM.ActiveCfg = Release|Any CPU
		{8C1F2E14-37CF-4E3E-99B4-789714A34009}.Ad-Hoc|ARM.Build.0 = Release|Any CPU
		{8C1F2E14-37CF-4E3E-99B4-789714A34009}.Ad-Hoc|ARM.Deploy.0 = Release|Any CPU
		{8C1F2E14-37CF-4E3E-99B4-789714A34009}.Ad-Hoc|iPhone.ActiveCfg = Release|Any CPU
		{8C1F2E14-37CF-4E3E-99B4-789714A34009}.Ad-Hoc|iPhone.Build.0 = Release|Any CPU
		{8C1F2E14-37CF-4E3E-99B4-789714A34009}.Ad-Hoc|iPhone.Deploy.0 = Release|Any CPU
		{8C1F2E14-37CF-4E3E-99B4-789714A34009}.Ad-Hoc|iPhoneSimulator.ActiveCfg = Release|Any CPU
		{8C1F2E14-37CF-4E3E-99B4-789714A34009}.Ad-Hoc|iPhoneSimulator.Build.0 = Release|Any CPU
		{8C1F2E14-37CF-4E3E-99B4-789714A34009}.Ad-Hoc|iPhoneSimulator.Deploy.0 = Release|Any CPU
		{8C1F2E14-37CF-4E3E-99B4-789714A34009}.Ad-Hoc|x64.ActiveCfg = Release|Any CPU
		{8C1F2E14-37CF-4E3E-99B4-789714A34009}.Ad-Hoc|x64.Build.0 = Release|Any CPU
		{8C1F2E14-37CF-4E3E-99B4-789714A34009}.Ad-Hoc|x64.Deploy.0 = Release|Any CPU
		{8C1F2E14-37CF-4E3E-99B4-789714A34009}.Ad-Hoc|x86.ActiveCfg = Release|Any CPU
		{8C1F2E14-37CF-4E3E-99B4-789714A34009}.Ad-Hoc|x86.Build.0 = Release|Any CPU
		{8C1F2E14-37CF-4E3E-99B4-789714A34009}.Ad-Hoc|x86.Deploy.0 = Release|Any CPU
		{8C1F2E14-37CF-4E3E-99B4-789714A34009}.AppStore|Any CPU.ActiveCfg = Release|Any CPU
		{8C1F2E14-37CF-4E3E-99B4-789714A34009}.AppStore|Any CPU.Build.0 = Release|Any CPU
		{8C1F2E14-37CF-4E3E-99B4-789714A34009}.AppStore|Any CPU.Deploy.0 = Release|Any CPU
		{8C1F2E14-37CF-4E3E-99B4-789714A34009}.AppStore|ARM.ActiveCfg = Release|Any CPU
		{8C1F2E14-37CF-4E3E-99B4-789714A34009}.AppStore|ARM.Build.0 = Release|Any CPU
		{8C1F2E14-37CF-4E3E-99B4-789714A34009}.AppStore|ARM.Deploy.0 = Release|Any CPU
		{8C1F2E14-37CF-4E3E-99B4-789714A34009}.AppStore|iPhone.ActiveCfg = Release|Any CPU
		{8C1F2E14-37CF-4E3E-99B4-789714A34009}.AppStore|iPhone.Build.0 = Release|Any CPU
		{8C1F2E14-37CF-4E3E-99B4-789714A34009}.AppStore|iPhone.Deploy.0 = Release|Any CPU
		{8C1F2E14-37CF-4E3E-99B4-789714A34009}.AppStore|iPhoneSimulator.ActiveCfg = Release|Any CPU
		{8C1F2E14-37CF-4E3E-99B4-789714A34009}.AppStore|iPhoneSimulator.Build.0 = Release|Any CPU
		{8C1F2E14-37CF-4E3E-99B4-789714A34009}.AppStore|iPhoneSimulator.Deploy.0 = Release|Any CPU
		{8C1F2E14-37CF-4E3E-99B4-789714A34009}.AppStore|x64.ActiveCfg = Release|Any CPU
		{8C1F2E14-37CF-4E3E-99B4-789714A34009}.AppStore|x64.Build.0 = Release|Any CPU
		{8C1F2E14-37CF-4E3E-99B4-789714A34009}.AppStore|x64.Deploy.0 = Release|Any CPU
		{8C1F2E14-37CF-4E3E-99B4-789714A34009}.AppStore|x86.ActiveCfg = Release|Any CPU
		{8C1F2E14-37CF-4E3E-99B4-789714A34009}.AppStore|x86.Build.0 = Release|Any CPU
		{8C1F2E14-37CF-4E3E-99B4-789714A34009}.AppStore|x86.Deploy.0 = Release|Any CPU
		{8C1F2E14-37CF-4E3E-99B4-789714A34009}.Debug|Any CPU.ActiveCfg = Debug|Any CPU
		{8C1F2E14-37CF-4E3E-99B4-789714A34009}.Debug|Any CPU.Build.0 = Debug|Any CPU
		{8C1F2E14-37CF-4E3E-99B4-789714A34009}.Debug|Any CPU.Deploy.0 = Debug|Any CPU
		{8C1F2E14-37CF-4E3E-99B4-789714A34009}.Debug|ARM.ActiveCfg = Debug|Any CPU
		{8C1F2E14-37CF-4E3E-99B4-789714A34009}.Debug|ARM.Build.0 = Debug|Any CPU
		{8C1F2E14-37CF-4E3E-99B4-789714A34009}.Debug|ARM.Deploy.0 = Debug|Any CPU
		{8C1F2E14-37CF-4E3E-99B4-789714A34009}.Debug|iPhone.ActiveCfg = Debug|Any CPU
		{8C1F2E14-37CF-4E3E-99B4-789714A34009}.Debug|iPhone.Build.0 = Debug|Any CPU
		{8C1F2E14-37CF-4E3E-99B4-789714A34009}.Debug|iPhone.Deploy.0 = Debug|Any CPU
		{8C1F2E14-37CF-4E3E-99B4-789714A34009}.Debug|iPhoneSimulator.ActiveCfg = Debug|Any CPU
		{8C1F2E14-37CF-4E3E-99B4-789714A34009}.Debug|iPhoneSimulator.Build.0 = Debug|Any CPU
		{8C1F2E14-37CF-4E3E-99B4-789714A34009}.Debug|iPhoneSimulator.Deploy.0 = Debug|Any CPU
		{8C1F2E14-37CF-4E3E-99B4-789714A34009}.Debug|x64.ActiveCfg = Debug|Any CPU
		{8C1F2E14-37CF-4E3E-99B4-789714A34009}.Debug|x64.Build.0 = Debug|Any CPU
		{8C1F2E14-37CF-4E3E-99B4-789714A34009}.Debug|x64.Deploy.0 = Debug|Any CPU
		{8C1F2E14-37CF-4E3E-99B4-789714A34009}.Debug|x86.ActiveCfg = Debug|Any CPU
		{8C1F2E14-37CF-4E3E-99B4-789714A34009}.Debug|x86.Build.0 = Debug|Any CPU
		{8C1F2E14-37CF-4E3E-99B4-789714A34009}.Debug|x86.Deploy.0 = Debug|Any CPU
		{8C1F2E14-37CF-4E3E-99B4-789714A34009}.Release|Any CPU.ActiveCfg = Release|Any CPU
		{8C1F2E14-37CF-4E3E-99B4-789714A34009}.Release|Any CPU.Build.0 = Release|Any CPU
		{8C1F2E14-37CF-4E3E-99B4-789714A34009}.Release|Any CPU.Deploy.0 = Release|Any CPU
		{8C1F2E14-37CF-4E3E-99B4-789714A34009}.Release|ARM.ActiveCfg = Release|Any CPU
		{8C1F2E14-37CF-4E3E-99B4-789714A34009}.Release|ARM.Build.0 = Release|Any CPU
		{8C1F2E14-37CF-4E3E-99B4-789714A34009}.Release|ARM.Deploy.0 = Release|Any CPU
		{8C1F2E14-37CF-4E3E-99B4-789714A34009}.Release|iPhone.ActiveCfg = Release|Any CPU
		{8C1F2E14-37CF-4E3E-99B4-789714A34009}.Release|iPhone.Build.0 = Release|Any CPU
		{8C1F2E14-37CF-4E3E-99B4-789714A34009}.Release|iPhone.Deploy.0 = Release|Any CPU
		{8C1F2E14-37CF-4E3E-99B4-789714A34009}.Release|iPhoneSimulator.ActiveCfg = Release|Any CPU
		{8C1F2E14-37CF-4E3E-99B4-789714A34009}.Release|iPhoneSimulator.Build.0 = Release|Any CPU
		{8C1F2E14-37CF-4E3E-99B4-789714A34009}.Release|iPhoneSimulator.Deploy.0 = Release|Any CPU
		{8C1F2E14-37CF-4E3E-99B4-789714A34009}.Release|x64.ActiveCfg = Release|Any CPU
		{8C1F2E14-37CF-4E3E-99B4-789714A34009}.Release|x64.Build.0 = Release|Any CPU
		{8C1F2E14-37CF-4E3E-99B4-789714A34009}.Release|x64.Deploy.0 = Release|Any CPU
		{8C1F2E14-37CF-4E3E-99B4-789714A34009}.Release|x86.ActiveCfg = Release|Any CPU
		{8C1F2E14-37CF-4E3E-99B4-789714A34009}.Release|x86.Build.0 = Release|Any CPU
		{8C1F2E14-37CF-4E3E-99B4-789714A34009}.Release|x86.Deploy.0 = Release|Any CPU
	EndGlobalSection
	GlobalSection(SolutionProperties) = preSolution
		HideSolutionNode = FALSE
	EndGlobalSection
EndGlobal
